
Microsoft Visual Studio Solution File, Format Version 12.00
# Visual Studio Version 16
VisualStudioVersion = 16.0.30717.126
MinimumVisualStudioVersion = 10.0.40219.1
Project("{FAE04EC0-301F-11D3-BF4B-00C04F79EFBC}") = "DSGTest", "DSGTest\DSGTest.csproj", "{206DE541-B3E4-4020-BCB5-122B39B3F666}"
EndProject
Global
	GlobalSection(SolutionConfigurationPlatforms) = preSolution
		Debug|Any CPU = Debug|Any CPU
		Release|Any CPU = Release|Any CPU
	EndGlobalSection
	GlobalSection(ProjectConfigurationPlatforms) = postSolution
		{206DE541-B3E4-4020-BCB5-122B39B3F666}.Debug|Any CPU.ActiveCfg = Debug|Any CPU
		{206DE541-B3E4-4020-BCB5-122B39B3F666}.Debug|Any CPU.Build.0 = Debug|Any CPU
		{206DE541-B3E4-4020-BCB5-122B39B3F666}.Release|Any CPU.ActiveCfg = Release|Any CPU
		{206DE541-B3E4-4020-BCB5-122B39B3F666}.Release|Any CPU.Build.0 = Release|Any CPU
	EndGlobalSection
	GlobalSection(SolutionProperties) = preSolution
		HideSolutionNode = FALSE
	EndGlobalSection
	GlobalSection(ExtensibilityGlobals) = postSolution
		SolutionGuid = {A9B061AD-5EF2-4C50-BD15-6F64F9D72FAD}
	EndGlobalSection
EndGlobal
